
Microsoft Visual Studio Solution File, Format Version 12.00
# Visual Studio Version 17
VisualStudioVersion = 17.11.35222.181
MinimumVisualStudioVersion = 10.0.40219.1
Project("{FAE04EC0-301F-11D3-BF4B-00C04F79EFBC}") = "21100744PARCIALWEB", "21100744PARCIALWEB.csproj", "{4511F39A-6625-47C0-8D1F-FB1C3293B3C9}"
EndProject
Global
	GlobalSection(SolutionConfigurationPlatforms) = preSolution
		Debug|Any CPU = Debug|Any CPU
		Release|Any CPU = Release|Any CPU
	EndGlobalSection
	GlobalSection(ProjectConfigurationPlatforms) = postSolution
		{4511F39A-6625-47C0-8D1F-FB1C3293B3C9}.Debug|Any CPU.ActiveCfg = Debug|Any CPU
		{4511F39A-6625-47C0-8D1F-FB1C3293B3C9}.Debug|Any CPU.Build.0 = Debug|Any CPU
		{4511F39A-6625-47C0-8D1F-FB1C3293B3C9}.Release|Any CPU.ActiveCfg = Release|Any CPU
		{4511F39A-6625-47C0-8D1F-FB1C3293B3C9}.Release|Any CPU.Build.0 = Release|Any CPU
	EndGlobalSection
	GlobalSection(SolutionProperties) = preSolution
		HideSolutionNode = FALSE
	EndGlobalSection
	GlobalSection(ExtensibilityGlobals) = postSolution
		SolutionGuid = {8D9BF18A-699A-487A-83DD-2A4ECE5E7831}
	EndGlobalSection
EndGlobal
